
Microsoft Visual Studio Solution File, Format Version 12.00
Project("{FAE04EC0-301F-11D3-BF4B-00C04F79EFBC}") = "HR.LeaveManagement.Domain", "src\Core\HR.LeaveManagement.Domain\HR.LeaveManagement.Domain.csproj", "{F18402D5-C1A8-47CA-BA17-FF3C1B1EDCDC}"
EndProject
Project("{FAE04EC0-301F-11D3-BF4B-00C04F79EFBC}") = "HR.LeaveManagement.Application", "src\Core\HR.LeaveManagement.Application\HR.LeaveManagement.Application.csproj", "{7B844402-07E5-4F81-8A15-DFBD915433A5}"
EndProject
Project("{FAE04EC0-301F-11D3-BF4B-00C04F79EFBC}") = "HR.LeaveManagement.Persistence", "src\Infrastructure\HR.LeaveManagement.Persistence\HR.LeaveManagement.Persistence.csproj", "{648723BC-BDC3-42B2-8469-90DEA441F1D2}"
EndProject
Project("{FAE04EC0-301F-11D3-BF4B-00C04F79EFBC}") = "HR.LeaveManagement.Infrastructure", "src\Infrastructure\HR.LeaveManagement.Infrastructure\HR.LeaveManagement.Infrastructure.csproj", "{81FF8288-311F-4AEB-AA38-6006AC44BB99}"
EndProject
Project("{FAE04EC0-301F-11D3-BF4B-00C04F79EFBC}") = "HR.LeaveManagement.Api", "src\Api\HR.LeaveManagement.Api\HR.LeaveManagement.Api.csproj", "{515D2796-7655-4B39-9485-94516292ABB4}"
EndProject
Global
	GlobalSection(SolutionConfigurationPlatforms) = preSolution
		Debug|Any CPU = Debug|Any CPU
		Release|Any CPU = Release|Any CPU
	EndGlobalSection
	GlobalSection(ProjectConfigurationPlatforms) = postSolution
		{F18402D5-C1A8-47CA-BA17-FF3C1B1EDCDC}.Debug|Any CPU.ActiveCfg = Debug|Any CPU
		{F18402D5-C1A8-47CA-BA17-FF3C1B1EDCDC}.Debug|Any CPU.Build.0 = Debug|Any CPU
		{F18402D5-C1A8-47CA-BA17-FF3C1B1EDCDC}.Release|Any CPU.ActiveCfg = Release|Any CPU
		{F18402D5-C1A8-47CA-BA17-FF3C1B1EDCDC}.Release|Any CPU.Build.0 = Release|Any CPU
		{7B844402-07E5-4F81-8A15-DFBD915433A5}.Debug|Any CPU.ActiveCfg = Debug|Any CPU
		{7B844402-07E5-4F81-8A15-DFBD915433A5}.Debug|Any CPU.Build.0 = Debug|Any CPU
		{7B844402-07E5-4F81-8A15-DFBD915433A5}.Release|Any CPU.ActiveCfg = Release|Any CPU
		{7B844402-07E5-4F81-8A15-DFBD915433A5}.Release|Any CPU.Build.0 = Release|Any CPU
		{648723BC-BDC3-42B2-8469-90DEA441F1D2}.Debug|Any CPU.ActiveCfg = Debug|Any CPU
		{648723BC-BDC3-42B2-8469-90DEA441F1D2}.Debug|Any CPU.Build.0 = Debug|Any CPU
		{648723BC-BDC3-42B2-8469-90DEA441F1D2}.Release|Any CPU.ActiveCfg = Release|Any CPU
		{648723BC-BDC3-42B2-8469-90DEA441F1D2}.Release|Any CPU.Build.0 = Release|Any CPU
		{81FF8288-311F-4AEB-AA38-6006AC44BB99}.Debug|Any CPU.ActiveCfg = Debug|Any CPU
		{81FF8288-311F-4AEB-AA38-6006AC44BB99}.Debug|Any CPU.Build.0 = Debug|Any CPU
		{81FF8288-311F-4AEB-AA38-6006AC44BB99}.Release|Any CPU.ActiveCfg = Release|Any CPU
		{81FF8288-311F-4AEB-AA38-6006AC44BB99}.Release|Any CPU.Build.0 = Release|Any CPU
		{515D2796-7655-4B39-9485-94516292ABB4}.Debug|Any CPU.ActiveCfg = Debug|Any CPU
		{515D2796-7655-4B39-9485-94516292ABB4}.Debug|Any CPU.Build.0 = Debug|Any CPU
		{515D2796-7655-4B39-9485-94516292ABB4}.Release|Any CPU.ActiveCfg = Release|Any CPU
		{515D2796-7655-4B39-9485-94516292ABB4}.Release|Any CPU.Build.0 = Release|Any CPU
	EndGlobalSection
EndGlobal
